
Microsoft Visual Studio Solution File, Format Version 12.00
# Visual Studio Version 17
VisualStudioVersion = 17.5.002.0
MinimumVisualStudioVersion = 10.0.40219.1
Project("{2150E333-8FDC-42A3-9474-1A3956D46DE8}") = "backend", "backend", "{97410D59-9E81-47B8-83CF-CC49089819E4}"
EndProject
Project("{9A19103F-16F7-4668-BE54-9A1E7A4F7556}") = "LoginApi", "backend\LoginApi\LoginApi.csproj", "{39F2C5F1-E3B6-4498-85C8-05FCD0C8E801}"
EndProject
Global
	GlobalSection(SolutionConfigurationPlatforms) = preSolution
		Debug|Any CPU = Debug|Any CPU
		Release|Any CPU = Release|Any CPU
	EndGlobalSection
	GlobalSection(ProjectConfigurationPlatforms) = postSolution
		{39F2C5F1-E3B6-4498-85C8-05FCD0C8E801}.Debug|Any CPU.ActiveCfg = Debug|Any CPU
		{39F2C5F1-E3B6-4498-85C8-05FCD0C8E801}.Debug|Any CPU.Build.0 = Debug|Any CPU
		{39F2C5F1-E3B6-4498-85C8-05FCD0C8E801}.Release|Any CPU.ActiveCfg = Release|Any CPU
		{39F2C5F1-E3B6-4498-85C8-05FCD0C8E801}.Release|Any CPU.Build.0 = Release|Any CPU
	EndGlobalSection
	GlobalSection(SolutionProperties) = preSolution
		HideSolutionNode = FALSE
	EndGlobalSection
	GlobalSection(NestedProjects) = preSolution
		{39F2C5F1-E3B6-4498-85C8-05FCD0C8E801} = {97410D59-9E81-47B8-83CF-CC49089819E4}
	EndGlobalSection
	GlobalSection(ExtensibilityGlobals) = postSolution
		SolutionGuid = {13B785BB-135C-4838-A986-CE075C3CD2C4}
	EndGlobalSection
EndGlobal
